// !$*UTF8*$!
{
	archiveVersion = 1;
	classes = {
	};
	objectVersion = 54;
	objects = {

/* Begin PBXBuildFile section */
		6EFC191426715D610034A12E /* AppDelegate.swift in Sources */ = {isa = PBXBuildFile; fileRef = 6EFC191326715D610034A12E /* AppDelegate.swift */; };
		6EFC191626715D610034A12E /* SceneDelegate.swift in Sources */ = {isa = PBXBuildFile; fileRef = 6EFC191526715D610034A12E /* SceneDelegate.swift */; };
		6EFC191826715D610034A12E /* MainVC.swift in Sources */ = {isa = PBXBuildFile; fileRef = 6EFC191726715D610034A12E /* MainVC.swift */; };
		6EFC191B26715D610034A12E /* Main.storyboard in Resources */ = {isa = PBXBuildFile; fileRef = 6EFC191926715D610034A12E /* Main.storyboard */; };
		6EFC191D26715D620034A12E /* Assets.xcassets in Resources */ = {isa = PBXBuildFile; fileRef = 6EFC191C26715D620034A12E /* Assets.xcassets */; };
		6EFC192026715D620034A12E /* LaunchScreen.storyboard in Resources */ = {isa = PBXBuildFile; fileRef = 6EFC191E26715D620034A12E /* LaunchScreen.storyboard */; };
		6EFC192B26715D620034A12E /* windowShopperTests.swift in Sources */ = {isa = PBXBuildFile; fileRef = 6EFC192A26715D620034A12E /* windowShopperTests.swift */; };
		6EFC193626715D620034A12E /* windowShopperUITests.swift in Sources */ = {isa = PBXBuildFile; fileRef = 6EFC193526715D620034A12E /* windowShopperUITests.swift */; };
		6EFC19462671687E0034A12E /* CurrencyTxtField.swift in Sources */ = {isa = PBXBuildFile; fileRef = 6EFC19452671687E0034A12E /* CurrencyTxtField.swift */; };
/* End PBXBuildFile section */

/* Begin PBXContainerItemProxy section */
		6EFC192726715D620034A12E /* PBXContainerItemProxy */ = {
			isa = PBXContainerItemProxy;
			containerPortal = 6EFC190826715D610034A12E /* Project object */;
			proxyType = 1;
			remoteGlobalIDString = 6EFC190F26715D610034A12E;
			remoteInfo = windowShopper;
		};
		6EFC193226715D620034A12E /* PBXContainerItemProxy */ = {
			isa = PBXContainerItemProxy;
			containerPortal = 6EFC190826715D610034A12E /* Project object */;
			proxyType = 1;
			remoteGlobalIDString = 6EFC190F26715D610034A12E;
			remoteInfo = windowShopper;
		};
/* End PBXContainerItemProxy section */

/* Begin PBXFileReference section */
		6EFC191026715D610034A12E /* windowShopper.app */ = {isa = PBXFileReference; explicitFileType = wrapper.application; includeInIndex = 0; path = windowShopper.app; sourceTree = BUILT_PRODUCTS_DIR; };
		6EFC191326715D610034A12E /* AppDelegate.swift */ = {isa = PBXFileReference; lastKnownFileType = sourcecode.swift; path = AppDelegate.swift; sourceTree = "<group>"; };
		6EFC191526715D610034A12E /* SceneDelegate.swift */ = {isa = PBXFileReference; lastKnownFileType = sourcecode.swift; path = SceneDelegate.swift; sourceTree = "<group>"; };
		6EFC191726715D610034A12E /* MainVC.swift */ = {isa = PBXFileReference; lastKnownFileType = sourcecode.swift; path = MainVC.swift; sourceTree = "<group>"; };
		6EFC191A26715D610034A12E /* Base */ = {isa = PBXFileReference; lastKnownFileType = file.storyboard; name = Base; path = Base.lproj/Main.storyboard; sourceTree = "<group>"; };
		6EFC191C26715D620034A12E /* Assets.xcassets */ = {isa = PBXFileReference; lastKnownFileType = folder.assetcatalog; path = Assets.xcassets; sourceTree = "<group>"; };
		6EFC191F26715D620034A12E /* Base */ = {isa = PBXFileReference; lastKnownFileType = file.storyboard; name = Base; path = Base.lproj/LaunchScreen.storyboard; sourceTree = "<group>"; };
		6EFC192126715D620034A12E /* Info.plist */ = {isa = PBXFileReference; lastKnownFileType = text.plist.xml; path = Info.plist; sourceTree = "<group>"; };
		6EFC192626715D620034A12E /* windowShopperTests.xctest */ = {isa = PBXFileReference; explicitFileType = wrapper.cfbundle; includeInIndex = 0; path = windowShopperTests.xctest; sourceTree = BUILT_PRODUCTS_DIR; };
		6EFC192A26715D620034A12E /* windowShopperTests.swift */ = {isa = PBXFileReference; lastKnownFileType = sourcecode.swift; path = windowShopperTests.swift; sourceTree = "<group>"; };
		6EFC192C26715D620034A12E /* Info.plist */ = {isa = PBXFileReference; lastKnownFileType = text.plist.xml; path = Info.plist; sourceTree = "<group>"; };
		6EFC193126715D620034A12E /* windowShopperUITests.xctest */ = {isa = PBXFileReference; explicitFileType = wrapper.cfbundle; includeInIndex = 0; path = windowShopperUITests.xctest; sourceTree = BUILT_PRODUCTS_DIR; };
		6EFC193526715D620034A12E /* windowShopperUITests.swift */ = {isa = PBXFileReference; lastKnownFileType = sourcecode.swift; path = windowShopperUITests.swift; sourceTree = "<group>"; };
		6EFC193726715D620034A12E /* Info.plist */ = {isa = PBXFileReference; lastKnownFileType = text.plist.xml; path = Info.plist; sourceTree = "<group>"; };
		6EFC19452671687E0034A12E /* CurrencyTxtField.swift */ = {isa = PBXFileReference; lastKnownFileType = sourcecode.swift; path = CurrencyTxtField.swift; sourceTree = "<group>"; };
/* End PBXFileReference section */

/* Begin PBXFrameworksBuildPhase section */
		6EFC190D26715D610034A12E /* Frameworks */ = {
			isa = PBXFrameworksBuildPhase;
			buildActionMask = 2147483647;
			files = (
			);
			runOnlyForDeploymentPostprocessing = 0;
		};
		6EFC192326715D620034A12E /* Frameworks */ = {
			isa = PBXFrameworksBuildPhase;
			buildActionMask = 2147483647;
			files = (
			);
			runOnlyForDeploymentPostprocessing = 0;
		};
		6EFC192E26715D620034A12E /* Frameworks */ = {
			isa = PBXFrameworksBuildPhase;
			buildActionMask = 2147483647;
			files = (
			);
			runOnlyForDeploymentPostprocessing = 0;
		};
/* End PBXFrameworksBuildPhase section */

/* Begin PBXGroup section */
		6EFC190726715D610034A12E = {
			isa = PBXGroup;
			children = (
				6EFC191226715D610034A12E /* windowShopper */,
				6EFC192926715D620034A12E /* windowShopperTests */,
				6EFC193426715D620034A12E /* windowShopperUITests */,
				6EFC191126715D610034A12E /* Products */,
			);
			sourceTree = "<group>";
		};
		6EFC191126715D610034A12E /* Products */ = {
			isa = PBXGroup;
			children = (
				6EFC191026715D610034A12E /* windowShopper.app */,
				6EFC192626715D620034A12E /* windowShopperTests.xctest */,
				6EFC193126715D620034A12E /* windowShopperUITests.xctest */,
			);
			name = Products;
			sourceTree = "<group>";
		};
		6EFC191226715D610034A12E /* windowShopper */ = {
			isa = PBXGroup;
			children = (
				6EFC1944267168060034A12E /* Views */,
				6EFC1943267161D80034A12E /* Controller */,
				6EFC191326715D610034A12E /* AppDelegate.swift */,
				6EFC191526715D610034A12E /* SceneDelegate.swift */,
				6EFC191926715D610034A12E /* Main.storyboard */,
				6EFC191C26715D620034A12E /* Assets.xcassets */,
				6EFC191E26715D620034A12E /* LaunchScreen.storyboard */,
				6EFC192126715D620034A12E /* Info.plist */,
			);
			path = windowShopper;
			sourceTree = "<group>";
		};
		6EFC192926715D620034A12E /* windowShopperTests */ = {
			isa = PBXGroup;
			children = (
				6EFC192A26715D620034A12E /* windowShopperTests.swift */,
				6EFC192C26715D620034A12E /* Info.plist */,
			);
			path = windowShopperTests;
			sourceTree = "<group>";
		};
		6EFC193426715D620034A12E /* windowShopperUITests */ = {
			isa = PBXGroup;
			children = (
				6EFC193526715D620034A12E /* windowShopperUITests.swift */,
				6EFC193726715D620034A12E /* Info.plist */,
			);
			path = windowShopperUITests;
			sourceTree = "<group>";
		};
		6EFC1943267161D80034A12E /* Controller */ = {
			isa = PBXGroup;
			children = (
				6EFC191726715D610034A12E /* MainVC.swift */,
			);
			path = Controller;
			sourceTree = "<group>";
		};
		6EFC1944267168060034A12E /* Views */ = {
			isa = PBXGroup;
			children = (
				6EFC19452671687E0034A12E /* CurrencyTxtField.swift */,
			);
			path = Views;
			sourceTree = "<group>";
		};
/* End PBXGroup section */

/* Begin PBXNativeTarget section */
		6EFC190F26715D610034A12E /* windowShopper */ = {
			isa = PBXNativeTarget;
			buildConfigurationList = 6EFC193A26715D620034A12E /* Build configuration list for PBXNativeTarget "windowShopper" */;
			buildPhases = (
				6EFC190C26715D610034A12E /* Sources */,
				6EFC190D26715D610034A12E /* Frameworks */,
				6EFC190E26715D610034A12E /* Resources */,
			);
			buildRules = (
			);
			dependencies = (
			);
			name = windowShopper;
			productName = windowShopper;
			productReference = 6EFC191026715D610034A12E /* windowShopper.app */;
			productType = "com.apple.product-type.application";
		};
		6EFC192526715D620034A12E /* windowShopperTests */ = {
			isa = PBXNativeTarget;
			buildConfigurationList = 6EFC193D26715D620034A12E /* Build configuration list for PBXNativeTarget "windowShopperTests" */;
			buildPhases = (
				6EFC192226715D620034A12E /* Sources */,
				6EFC192326715D620034A12E /* Frameworks */,
				6EFC192426715D620034A12E /* Resources */,
			);
			buildRules = (
			);
			dependencies = (
				6EFC192826715D620034A12E /* PBXTargetDependency */,
			);
			name = windowShopperTests;
			productName = windowShopperTests;
			productReference = 6EFC192626715D620034A12E /* windowShopperTests.xctest */;
			productType = "com.apple.product-type.bundle.unit-test";
		};
		6EFC193026715D620034A12E /* windowShopperUITests */ = {
			isa = PBXNativeTarget;
			buildConfigurationList = 6EFC194026715D620034A12E /* Build configuration list for PBXNativeTarget "windowShopperUITests" */;
			buildPhases = (
				6EFC192D26715D620034A12E /* Sources */,
				6EFC192E26715D620034A12E /* Frameworks */,
				6EFC192F26715D620034A12E /* Resources */,
			);
			buildRules = (
			);
			dependencies = (
				6EFC193326715D620034A12E /* PBXTargetDependency */,
			);
			name = windowShopperUITests;
			productName = windowShopperUITests;
			productReference = 6EFC193126715D620034A12E /* windowShopperUITests.xctest */;
			productType = "com.apple.product-type.bundle.ui-testing";
		};
/* End PBXNativeTarget section */

/* Begin PBXProject section */
		6EFC190826715D610034A12E /* Project object */ = {
			isa = PBXProject;
			attributes = {
				LastSwiftUpdateCheck = 1250;
				LastUpgradeCheck = 1250;
				TargetAttributes = {
					6EFC190F26715D610034A12E = {
						CreatedOnToolsVersion = 12.5;
					};
					6EFC192526715D620034A12E = {
						CreatedOnToolsVersion = 12.5;
						TestTargetID = 6EFC190F26715D610034A12E;
					};
					6EFC193026715D620034A12E = {
						CreatedOnToolsVersion = 12.5;
						TestTargetID = 6EFC190F26715D610034A12E;
					};
				};
			};
			buildConfigurationList = 6EFC190B26715D610034A12E /* Build configuration list for PBXProject "windowShopper" */;
			compatibilityVersion = "Xcode 12.0";
			developmentRegion = en;
			hasScannedForEncodings = 0;
			knownRegions = (
				en,
				Base,
			);
			mainGroup = 6EFC190726715D610034A12E;
			productRefGroup = 6EFC191126715D610034A12E /* Products */;
			projectDirPath = "";
			projectRoot = "";
			targets = (
				6EFC190F26715D610034A12E /* windowShopper */,
				6EFC192526715D620034A12E /* windowShopperTests */,
				6EFC193026715D620034A12E /* windowShopperUITests */,
			);
		};
/* End PBXProject section */

/* Begin PBXResourcesBuildPhase section */
		6EFC190E26715D610034A12E /* Resources */ = {
			isa = PBXResourcesBuildPhase;
			buildActionMask = 2147483647;
			files = (
				6EFC192026715D620034A12E /* LaunchScreen.storyboard in Resources */,
				6EFC191D26715D620034A12E /* Assets.xcassets in Resources */,
				6EFC191B26715D610034A12E /* Main.storyboard in Resources */,
			);
			runOnlyForDeploymentPostprocessing = 0;
		};
		6EFC192426715D620034A12E /* Resources */ = {
			isa = PBXResourcesBuildPhase;
			buildActionMask = 2147483647;
			files = (
			);
			runOnlyForDeploymentPostprocessing = 0;
		};
		6EFC192F26715D620034A12E /* Resources */ = {
			isa = PBXResourcesBuildPhase;
			buildActionMask = 2147483647;
			files = (
			);
			runOnlyForDeploymentPostprocessing = 0;
		};
/* End PBXResourcesBuildPhase section */

/* Begin PBXSourcesBuildPhase section */
		6EFC190C26715D610034A12E /* Sources */ = {
			isa = PBXSourcesBuildPhase;
			buildActionMask = 2147483647;
			files = (
				6EFC19462671687E0034A12E /* CurrencyTxtField.swift in Sources */,
				6EFC191826715D610034A12E /* MainVC.swift in Sources */,
				6EFC191426715D610034A12E /* AppDelegate.swift in Sources */,
				6EFC191626715D610034A12E /* SceneDelegate.swift in Sources */,
			);
			runOnlyForDeploymentPostprocessing = 0;
		};
		6EFC192226715D620034A12E /* Sources */ = {
			isa = PBXSourcesBuildPhase;
			buildActionMask = 2147483647;
			files = (
				6EFC192B26715D620034A12E /* windowShopperTests.swift in Sources */,
			);
			runOnlyForDeploymentPostprocessing = 0;
		};
		6EFC192D26715D620034A12E /* Sources */ = {
			isa = PBXSourcesBuildPhase;
			buildActionMask = 2147483647;
			files = (
				6EFC193626715D620034A12E /* windowShopperUITests.swift in Sources */,
			);
			runOnlyForDeploymentPostprocessing = 0;
		};
/* End PBXSourcesBuildPhase section */

/* Begin PBXTargetDependency section */
		6EFC192826715D620034A12E /* PBXTargetDependency */ = {
			isa = PBXTargetDependency;
			target = 6EFC190F26715D610034A12E /* windowShopper */;
			targetProxy = 6EFC192726715D620034A12E /* PBXContainerItemProxy */;
		};
		6EFC193326715D620034A12E /* PBXTargetDependency */ = {
			isa = PBXTargetDependency;
			target = 6EFC190F26715D610034A12E /* windowShopper */;
			targetProxy = 6EFC193226715D620034A12E /* PBXContainerItemProxy */;
		};
/* End PBXTargetDependency section */

/* Begin PBXVariantGroup section */
		6EFC191926715D610034A12E /* Main.storyboard */ = {
			isa = PBXVariantGroup;
			children = (
				6EFC191A26715D610034A12E /* Base */,
			);
			name = Main.storyboard;
			sourceTree = "<group>";
		};
		6EFC191E26715D620034A12E /* LaunchScreen.storyboard */ = {
			isa = PBXVariantGroup;
			children = (
				6EFC191F26715D620034A12E /* Base */,
			);
			name = LaunchScreen.storyboard;
			sourceTree = "<group>";
		};
/* End PBXVariantGroup section */

/* Begin XCBuildConfiguration section */
		6EFC193826715D620034A12E /* Debug */ = {
			isa = XCBuildConfiguration;
			buildSettings = {
				ALWAYS_SEARCH_USER_PATHS = NO;
				CLANG_ANALYZER_NONNULL = YES;
				CLANG_ANALYZER_NUMBER_OBJECT_CONVERSION = YES_AGGRESSIVE;
				CLANG_CXX_LANGUAGE_STANDARD = "gnu++14";
				CLANG_CXX_LIBRARY = "libc++";
				CLANG_ENABLE_MODULES = YES;
				CLANG_ENABLE_OBJC_ARC = YES;
				CLANG_ENABLE_OBJC_WEAK = YES;
				CLANG_WARN_BLOCK_CAPTURE_AUTORELEASING = YES;
				CLANG_WARN_BOOL_CONVERSION = YES;
				CLANG_WARN_COMMA = YES;
				CLANG_WARN_CONSTANT_CONVERSION = YES;
				CLANG_WARN_DEPRECATED_OBJC_IMPLEMENTATIONS = YES;
				CLANG_WARN_DIRECT_OBJC_ISA_USAGE = YES_ERROR;
				CLANG_WARN_DOCUMENTATION_COMMENTS = YES;
				CLANG_WARN_EMPTY_BODY = YES;
				CLANG_WARN_ENUM_CONVERSION = YES;
				CLANG_WARN_INFINITE_RECURSION = YES;
				CLANG_WARN_INT_CONVERSION = YES;
				CLANG_WARN_NON_LITERAL_NULL_CONVERSION = YES;
				CLANG_WARN_OBJC_IMPLICIT_RETAIN_SELF = YES;
				CLANG_WARN_OBJC_LITERAL_CONVERSION = YES;
				CLANG_WARN_OBJC_ROOT_CLASS = YES_ERROR;
				CLANG_WARN_QUOTED_INCLUDE_IN_FRAMEWORK_HEADER = YES;
				CLANG_WARN_RANGE_LOOP_ANALYSIS = YES;
				CLANG_WARN_STRICT_PROTOTYPES = YES;
				CLANG_WARN_SUSPICIOUS_MOVE = YES;
				CLANG_WARN_UNGUARDED_AVAILABILITY = YES_AGGRESSIVE;
				CLANG_WARN_UNREACHABLE_CODE = YES;
				CLANG_WARN__DUPLICATE_METHOD_MATCH = YES;
				COPY_PHASE_STRIP = NO;
				DEBUG_INFORMATION_FORMAT = dwarf;
				ENABLE_STRICT_OBJC_MSGSEND = YES;
				ENABLE_TESTABILITY = YES;
				GCC_C_LANGUAGE_STANDARD = gnu11;
				GCC_DYNAMIC_NO_PIC = NO;
				GCC_NO_COMMON_BLOCKS = YES;
				GCC_OPTIMIZATION_LEVEL = 0;
				GCC_PREPROCESSOR_DEFINITIONS = (
					"DEBUG=1",
					"$(inherited)",
				);
				GCC_WARN_64_TO_32_BIT_CONVERSION = YES;
				GCC_WARN_ABOUT_RETURN_TYPE = YES_ERROR;
				GCC_WARN_UNDECLARED_SELECTOR = YES;
				GCC_WARN_UNINITIALIZED_AUTOS = YES_AGGRESSIVE;
				GCC_WARN_UNUSED_FUNCTION = YES;
				GCC_WARN_UNUSED_VARIABLE = YES;
				IPHONEOS_DEPLOYMENT_TARGET = 14.5;
				MTL_ENABLE_DEBUG_INFO = INCLUDE_SOURCE;
				MTL_FAST_MATH = YES;
				ONLY_ACTIVE_ARCH = YES;
				SDKROOT = iphoneos;
				SWIFT_ACTIVE_COMPILATION_CONDITIONS = DEBUG;
				SWIFT_OPTIMIZATION_LEVEL = "-Onone";
			};
			name = Debug;
		};
		6EFC193926715D620034A12E /* Release */ = {
			isa = XCBuildConfiguration;
			buildSettings = {
				ALWAYS_SEARCH_USER_PATHS = NO;
				CLANG_ANALYZER_NONNULL = YES;
				CLANG_ANALYZER_NUMBER_OBJECT_CONVERSION = YES_AGGRESSIVE;
				CLANG_CXX_LANGUAGE_STANDARD = "gnu++14";
				CLANG_CXX_LIBRARY = "libc++";
				CLANG_ENABLE_MODULES = YES;
				CLANG_ENABLE_OBJC_ARC = YES;
				CLANG_ENABLE_OBJC_WEAK = YES;
				CLANG_WARN_BLOCK_CAPTURE_AUTORELEASING = YES;
				CLANG_WARN_BOOL_CONVERSION = YES;
				CLANG_WARN_COMMA = YES;
				CLANG_WARN_CONSTANT_CONVERSION = YES;
				CLANG_WARN_DEPRECATED_OBJC_IMPLEMENTATIONS = YES;
				CLANG_WARN_DIRECT_OBJC_ISA_USAGE = YES_ERROR;
				CLANG_WARN_DOCUMENTATION_COMMENTS = YES;
				CLANG_WARN_EMPTY_BODY = YES;
				CLANG_WARN_ENUM_CONVERSION = YES;
				CLANG_WARN_INFINITE_RECURSION = YES;
				CLANG_WARN_INT_CONVERSION = YES;
				CLANG_WARN_NON_LITERAL_NULL_CONVERSION = YES;
				CLANG_WARN_OBJC_IMPLICIT_RETAIN_SELF = YES;
				CLANG_WARN_OBJC_LITERAL_CONVERSION = YES;
				CLANG_WARN_OBJC_ROOT_CLASS = YES_ERROR;
				CLANG_WARN_QUOTED_INCLUDE_IN_FRAMEWORK_HEADER = YES;
				CLANG_WARN_RANGE_LOOP_ANALYSIS = YES;
				CLANG_WARN_STRICT_PROTOTYPES = YES;
				CLANG_WARN_SUSPICIOUS_MOVE = YES;
				CLANG_WARN_UNGUARDED_AVAILABILITY = YES_AGGRESSIVE;
				CLANG_WARN_UNREACHABLE_CODE = YES;
				CLANG_WARN__DUPLICATE_METHOD_MATCH = YES;
				COPY_PHASE_STRIP = NO;
				DEBUG_INFORMATION_FORMAT = "dwarf-with-dsym";
				ENABLE_NS_ASSERTIONS = NO;
				ENABLE_STRICT_OBJC_MSGSEND = YES;
				GCC_C_LANGUAGE_STANDARD = gnu11;
				GCC_NO_COMMON_BLOCKS = YES;
				GCC_WARN_64_TO_32_BIT_CONVERSION = YES;
				GCC_WARN_ABOUT_RETURN_TYPE = YES_ERROR;
				GCC_WARN_UNDECLARED_SELECTOR = YES;
				GCC_WARN_UNINITIALIZED_AUTOS = YES_AGGRESSIVE;
				GCC_WARN_UNUSED_FUNCTION = YES;
				GCC_WARN_UNUSED_VARIABLE = YES;
				IPHONEOS_DEPLOYMENT_TARGET = 14.5;
				MTL_ENABLE_DEBUG_INFO = NO;
				MTL_FAST_MATH = YES;
				SDKROOT = iphoneos;
				SWIFT_COMPILATION_MODE = wholemodule;
				SWIFT_OPTIMIZATION_LEVEL = "-O";
				VALIDATE_PRODUCT = YES;
			};
			name = Release;
		};
		6EFC193B26715D620034A12E /* Debug */ = {
			isa = XCBuildConfiguration;
			buildSettings = {
				ASSETCATALOG_COMPILER_APPICON_NAME = AppIcon;
				ASSETCATALOG_COMPILER_GLOBAL_ACCENT_COLOR_NAME = AccentColor;
				CODE_SIGN_STYLE = Automatic;
				DEVELOPMENT_TEAM = 8W6PRKL28F;
				INFOPLIST_FILE = windowShopper/Info.plist;
				LD_RUNPATH_SEARCH_PATHS = (
					"$(inherited)",
					"@executable_path/Frameworks",
				);
				PRODUCT_BUNDLE_IDENTIFIER = myHouse.windowShopper;
				PRODUCT_NAME = "$(TARGET_NAME)";
				SWIFT_VERSION = 5.0;
				TARGETED_DEVICE_FAMILY = "1,2";
			};
			name = Debug;
		};
		6EFC193C26715D620034A12E /* Release */ = {
			isa = XCBuildConfiguration;
			buildSettings = {
				ASSETCATALOG_COMPILER_APPICON_NAME = AppIcon;
				ASSETCATALOG_COMPILER_GLOBAL_ACCENT_COLOR_NAME = AccentColor;
				CODE_SIGN_STYLE = Automatic;
				DEVELOPMENT_TEAM = 8W6PRKL28F;
				INFOPLIST_FILE = windowShopper/Info.plist;
				LD_RUNPATH_SEARCH_PATHS = (
					"$(inherited)",
					"@executable_path/Frameworks",
				);
				PRODUCT_BUNDLE_IDENTIFIER = myHouse.windowShopper;
				PRODUCT_NAME = "$(TARGET_NAME)";
				SWIFT_VERSION = 5.0;
				TARGETED_DEVICE_FAMILY = "1,2";
			};
			name = Release;
		};
		6EFC193E26715D620034A12E /* Debug */ = {
			isa = XCBuildConfiguration;
			buildSettings = {
				ALWAYS_EMBED_SWIFT_STANDARD_LIBRARIES = YES;
				BUNDLE_LOADER = "$(TEST_HOST)";
				CODE_SIGN_STYLE = Automatic;
				DEVELOPMENT_TEAM = 8W6PRKL28F;
				INFOPLIST_FILE = windowShopperTests/Info.plist;
				IPHONEOS_DEPLOYMENT_TARGET = 14.5;
				LD_RUNPATH_SEARCH_PATHS = (
					"$(inherited)",
					"@executable_path/Frameworks",
					"@loader_path/Frameworks",
				);
				PRODUCT_BUNDLE_IDENTIFIER = myHouse.windowShopperTests;
				PRODUCT_NAME = "$(TARGET_NAME)";
				SWIFT_VERSION = 5.0;
				TARGETED_DEVICE_FAMILY = "1,2";
				TEST_HOST = "$(BUILT_PRODUCTS_DIR)/windowShopper.app/windowShopper";
			};
			name = Debug;
		};
		6EFC193F26715D620034A12E /* Release */ = {
			isa = XCBuildConfiguration;
			buildSettings = {
				ALWAYS_EMBED_SWIFT_STANDARD_LIBRARIES = YES;
				BUNDLE_LOADER = "$(TEST_HOST)";
				CODE_SIGN_STYLE = Automatic;
				DEVELOPMENT_TEAM = 8W6PRKL28F;
				INFOPLIST_FILE = windowShopperTests/Info.plist;
				IPHONEOS_DEPLOYMENT_TARGET = 14.5;
				LD_RUNPATH_SEARCH_PATHS = (
					"$(inherited)",
					"@executable_path/Frameworks",
					"@loader_path/Frameworks",
				);
				PRODUCT_BUNDLE_IDENTIFIER = myHouse.windowShopperTests;
				PRODUCT_NAME = "$(TARGET_NAME)";
				SWIFT_VERSION = 5.0;
				TARGETED_DEVICE_FAMILY = "1,2";
				TEST_HOST = "$(BUILT_PRODUCTS_DIR)/windowShopper.app/windowShopper";
			};
			name = Release;
		};
		6EFC194126715D620034A12E /* Debug */ = {
			isa = XCBuildConfiguration;
			buildSettings = {
				ALWAYS_EMBED_SWIFT_STANDARD_LIBRARIES = YES;
				CODE_SIGN_STYLE = Automatic;
				DEVELOPMENT_TEAM = 8W6PRKL28F;
				INFOPLIST_FILE = windowShopperUITests/Info.plist;
				LD_RUNPATH_SEARCH_PATHS = (
					"$(inherited)",
					"@executable_path/Frameworks",
					"@loader_path/Frameworks",
				);
				PRODUCT_BUNDLE_IDENTIFIER = myHouse.windowShopperUITests;
				PRODUCT_NAME = "$(TARGET_NAME)";
				SWIFT_VERSION = 5.0;
				TARGETED_DEVICE_FAMILY = "1,2";
				TEST_TARGET_NAME = windowShopper;
			};
			name = Debug;
		};
		6EFC194226715D620034A12E /* Release */ = {
			isa = XCBuildConfiguration;
			buildSettings = {
				ALWAYS_EMBED_SWIFT_STANDARD_LIBRARIES = YES;
				CODE_SIGN_STYLE = Automatic;
				DEVELOPMENT_TEAM = 8W6PRKL28F;
				INFOPLIST_FILE = windowShopperUITests/Info.plist;
				LD_RUNPATH_SEARCH_PATHS = (
					"$(inherited)",
					"@executable_path/Frameworks",
					"@loader_path/Frameworks",
				);
				PRODUCT_BUNDLE_IDENTIFIER = myHouse.windowShopperUITests;
				PRODUCT_NAME = "$(TARGET_NAME)";
				SWIFT_VERSION = 5.0;
				TARGETED_DEVICE_FAMILY = "1,2";
				TEST_TARGET_NAME = windowShopper;
			};
			name = Release;
		};
/* End XCBuildConfiguration section */

/* Begin XCConfigurationList section */
		6EFC190B26715D610034A12E /* Build configuration list for PBXProject "windowShopper" */ = {
			isa = XCConfigurationList;
			buildConfigurations = (
				6EFC193826715D620034A12E /* Debug */,
				6EFC193926715D620034A12E /* Release */,
			);
			defaultConfigurationIsVisible = 0;
			defaultConfigurationName = Release;
		};
		6EFC193A26715D620034A12E /* Build configuration list for PBXNativeTarget "windowShopper" */ = {
			isa = XCConfigurationList;
			buildConfigurations = (
				6EFC193B26715D620034A12E /* Debug */,
				6EFC193C26715D620034A12E /* Release */,
			);
			defaultConfigurationIsVisible = 0;
			defaultConfigurationName = Release;
		};
		6EFC193D26715D620034A12E /* Build configuration list for PBXNativeTarget "windowShopperTests" */ = {
			isa = XCConfigurationList;
			buildConfigurations = (
				6EFC193E26715D620034A12E /* Debug */,
				6EFC193F26715D620034A12E /* Release */,
			);
			defaultConfigurationIsVisible = 0;
			defaultConfigurationName = Release;
		};
		6EFC194026715D620034A12E /* Build configuration list for PBXNativeTarget "windowShopperUITests" */ = {
			isa = XCConfigurationList;
			buildConfigurations = (
				6EFC194126715D620034A12E /* Debug */,
				6EFC194226715D620034A12E /* Release */,
			);
			defaultConfigurationIsVisible = 0;
			defaultConfigurationName = Release;
		};
/* End XCConfigurationList section */
	};
	rootObject = 6EFC190826715D610034A12E /* Project object */;
}
